
Microsoft Visual Studio Solution File, Format Version 12.00
# Visual Studio Version 16
VisualStudioVersion = 16.0.30717.126
MinimumVisualStudioVersion = 10.0.40219.1
Project("{FAE04EC0-301F-11D3-BF4B-00C04F79EFBC}") = "SampleAppdemo", "SampleAppdemo\SampleAppdemo.csproj", "{39A6A6F2-B613-40D2-B47E-A7ABD7DD5FE5}"
EndProject
Global
	GlobalSection(SolutionConfigurationPlatforms) = preSolution
		Debug|Any CPU = Debug|Any CPU
		Release|Any CPU = Release|Any CPU
	EndGlobalSection
	GlobalSection(ProjectConfigurationPlatforms) = postSolution
		{39A6A6F2-B613-40D2-B47E-A7ABD7DD5FE5}.Debug|Any CPU.ActiveCfg = Debug|Any CPU
		{39A6A6F2-B613-40D2-B47E-A7ABD7DD5FE5}.Debug|Any CPU.Build.0 = Debug|Any CPU
		{39A6A6F2-B613-40D2-B47E-A7ABD7DD5FE5}.Release|Any CPU.ActiveCfg = Release|Any CPU
		{39A6A6F2-B613-40D2-B47E-A7ABD7DD5FE5}.Release|Any CPU.Build.0 = Release|Any CPU
	EndGlobalSection
	GlobalSection(SolutionProperties) = preSolution
		HideSolutionNode = FALSE
	EndGlobalSection
	GlobalSection(ExtensibilityGlobals) = postSolution
		SolutionGuid = {8D58D358-76CF-42AD-9136-6F612306510E}
	EndGlobalSection
EndGlobal
